
Microsoft Visual Studio Solution File, Format Version 12.00
# Visual Studio 15
VisualStudioVersion = 15.0.28307.106
MinimumVisualStudioVersion = 10.0.40219.1
Project("{FAE04EC0-301F-11D3-BF4B-00C04F79EFBC}") = "Planim.Android", "Planim\Planim.Android\Planim.Android.csproj", "{FB7DF3F6-7A31-4CCE-897A-6F405F4DF238}"
EndProject
Project("{FAE04EC0-301F-11D3-BF4B-00C04F79EFBC}") = "Planim.iOS", "Planim\Planim.iOS\Planim.iOS.csproj", "{EFEAB669-92AA-48BA-BE9D-B857072D4CD8}"
EndProject
Project("{FAE04EC0-301F-11D3-BF4B-00C04F79EFBC}") = "Planim", "Planim\Planim\Planim.csproj", "{7AE9159B-4CE9-4C61-B60E-83B1CB30F411}"
EndProject
Global
	GlobalSection(SolutionConfigurationPlatforms) = preSolution
		Ad-Hoc|Any CPU = Ad-Hoc|Any CPU
		Ad-Hoc|iPhone = Ad-Hoc|iPhone
		Ad-Hoc|iPhoneSimulator = Ad-Hoc|iPhoneSimulator
		AppStore|Any CPU = AppStore|Any CPU
		AppStore|iPhone = AppStore|iPhone
		AppStore|iPhoneSimulator = AppStore|iPhoneSimulator
		Debug|Any CPU = Debug|Any CPU
		Debug|iPhone = Debug|iPhone
		Debug|iPhoneSimulator = Debug|iPhoneSimulator
		Release|Any CPU = Release|Any CPU
		Release|iPhone = Release|iPhone
		Release|iPhoneSimulator = Release|iPhoneSimulator
	EndGlobalSection
	GlobalSection(ProjectConfigurationPlatforms) = postSolution
		{FB7DF3F6-7A31-4CCE-897A-6F405F4DF238}.Ad-Hoc|Any CPU.ActiveCfg = Release|Any CPU
		{FB7DF3F6-7A31-4CCE-897A-6F405F4DF238}.Ad-Hoc|Any CPU.Build.0 = Release|Any CPU
		{FB7DF3F6-7A31-4CCE-897A-6F405F4DF238}.Ad-Hoc|Any CPU.Deploy.0 = Release|Any CPU
		{FB7DF3F6-7A31-4CCE-897A-6F405F4DF238}.Ad-Hoc|iPhone.ActiveCfg = Release|Any CPU
		{FB7DF3F6-7A31-4CCE-897A-6F405F4DF238}.Ad-Hoc|iPhone.Build.0 = Release|Any CPU
		{FB7DF3F6-7A31-4CCE-897A-6F405F4DF238}.Ad-Hoc|iPhone.Deploy.0 = Release|Any CPU
		{FB7DF3F6-7A31-4CCE-897A-6F405F4DF238}.Ad-Hoc|iPhoneSimulator.ActiveCfg = Release|Any CPU
		{FB7DF3F6-7A31-4CCE-897A-6F405F4DF238}.Ad-Hoc|iPhoneSimulator.Build.0 = Release|Any CPU
		{FB7DF3F6-7A31-4CCE-897A-6F405F4DF238}.Ad-Hoc|iPhoneSimulator.Deploy.0 = Release|Any CPU
		{FB7DF3F6-7A31-4CCE-897A-6F405F4DF238}.AppStore|Any CPU.ActiveCfg = Release|Any CPU
		{FB7DF3F6-7A31-4CCE-897A-6F405F4DF238}.AppStore|Any CPU.Build.0 = Release|Any CPU
		{FB7DF3F6-7A31-4CCE-897A-6F405F4DF238}.AppStore|Any CPU.Deploy.0 = Release|Any CPU
		{FB7DF3F6-7A31-4CCE-897A-6F405F4DF238}.AppStore|iPhone.ActiveCfg = Release|Any CPU
		{FB7DF3F6-7A31-4CCE-897A-6F405F4DF238}.AppStore|iPhone.Build.0 = Release|Any CPU
		{FB7DF3F6-7A31-4CCE-897A-6F405F4DF238}.AppStore|iPhone.Deploy.0 = Release|Any CPU
		{FB7DF3F6-7A31-4CCE-897A-6F405F4DF238}.AppStore|iPhoneSimulator.ActiveCfg = Release|Any CPU
		{FB7DF3F6-7A31-4CCE-897A-6F405F4DF238}.AppStore|iPhoneSimulator.Build.0 = Release|Any CPU
		{FB7DF3F6-7A31-4CCE-897A-6F405F4DF238}.AppStore|iPhoneSimulator.Deploy.0 = Release|Any CPU
		{FB7DF3F6-7A31-4CCE-897A-6F405F4DF238}.Debug|Any CPU.ActiveCfg = Debug|Any CPU
		{FB7DF3F6-7A31-4CCE-897A-6F405F4DF238}.Debug|Any CPU.Build.0 = Debug|Any CPU
		{FB7DF3F6-7A31-4CCE-897A-6F405F4DF238}.Debug|Any CPU.Deploy.0 = Debug|Any CPU
		{FB7DF3F6-7A31-4CCE-897A-6F405F4DF238}.Debug|iPhone.ActiveCfg = Debug|Any CPU
		{FB7DF3F6-7A31-4CCE-897A-6F405F4DF238}.Debug|iPhone.Build.0 = Debug|Any CPU
		{FB7DF3F6-7A31-4CCE-897A-6F405F4DF238}.Debug|iPhone.Deploy.0 = Debug|Any CPU
		{FB7DF3F6-7A31-4CCE-897A-6F405F4DF238}.Debug|iPhoneSimulator.ActiveCfg = Debug|Any CPU
		{FB7DF3F6-7A31-4CCE-897A-6F405F4DF238}.Debug|iPhoneSimulator.Build.0 = Debug|Any CPU
		{FB7DF3F6-7A31-4CCE-897A-6F405F4DF238}.Debug|iPhoneSimulator.Deploy.0 = Debug|Any CPU
		{FB7DF3F6-7A31-4CCE-897A-6F405F4DF238}.Release|Any CPU.ActiveCfg = Release|Any CPU
		{FB7DF3F6-7A31-4CCE-897A-6F405F4DF238}.Release|Any CPU.Build.0 = Release|Any CPU
		{FB7DF3F6-7A31-4CCE-897A-6F405F4DF238}.Release|Any CPU.Deploy.0 = Release|Any CPU
		{FB7DF3F6-7A31-4CCE-897A-6F405F4DF238}.Release|iPhone.ActiveCfg = Release|Any CPU
		{FB7DF3F6-7A31-4CCE-897A-6F405F4DF238}.Release|iPhone.Build.0 = Release|Any CPU
		{FB7DF3F6-7A31-4CCE-897A-6F405F4DF238}.Release|iPhone.Deploy.0 = Release|Any CPU
		{FB7DF3F6-7A31-4CCE-897A-6F405F4DF238}.Release|iPhoneSimulator.ActiveCfg = Release|Any CPU
		{FB7DF3F6-7A31-4CCE-897A-6F405F4DF238}.Release|iPhoneSimulator.Build.0 = Release|Any CPU
		{FB7DF3F6-7A31-4CCE-897A-6F405F4DF238}.Release|iPhoneSimulator.Deploy.0 = Release|Any CPU
		{EFEAB669-92AA-48BA-BE9D-B857072D4CD8}.Ad-Hoc|Any CPU.ActiveCfg = Ad-Hoc|iPhone
		{EFEAB669-92AA-48BA-BE9D-B857072D4CD8}.Ad-Hoc|Any CPU.Build.0 = Ad-Hoc|iPhone
		{EFEAB669-92AA-48BA-BE9D-B857072D4CD8}.Ad-Hoc|Any CPU.Deploy.0 = Ad-Hoc|iPhone
		{EFEAB669-92AA-48BA-BE9D-B857072D4CD8}.Ad-Hoc|iPhone.ActiveCfg = Ad-Hoc|iPhone
		{EFEAB669-92AA-48BA-BE9D-B857072D4CD8}.Ad-Hoc|iPhone.Build.0 = Ad-Hoc|iPhone
		{EFEAB669-92AA-48BA-BE9D-B857072D4CD8}.Ad-Hoc|iPhone.Deploy.0 = Ad-Hoc|iPhone
		{EFEAB669-92AA-48BA-BE9D-B857072D4CD8}.Ad-Hoc|iPhoneSimulator.ActiveCfg = Ad-Hoc|iPhoneSimulator
		{EFEAB669-92AA-48BA-BE9D-B857072D4CD8}.Ad-Hoc|iPhoneSimulator.Build.0 = Ad-Hoc|iPhoneSimulator
		{EFEAB669-92AA-48BA-BE9D-B857072D4CD8}.Ad-Hoc|iPhoneSimulator.Deploy.0 = Ad-Hoc|iPhoneSimulator
		{EFEAB669-92AA-48BA-BE9D-B857072D4CD8}.AppStore|Any CPU.ActiveCfg = AppStore|iPhone
		{EFEAB669-92AA-48BA-BE9D-B857072D4CD8}.AppStore|Any CPU.Build.0 = AppStore|iPhone
		{EFEAB669-92AA-48BA-BE9D-B857072D4CD8}.AppStore|Any CPU.Deploy.0 = AppStore|iPhone
		{EFEAB669-92AA-48BA-BE9D-B857072D4CD8}.AppStore|iPhone.ActiveCfg = AppStore|iPhone
		{EFEAB669-92AA-48BA-BE9D-B857072D4CD8}.AppStore|iPhone.Build.0 = AppStore|iPhone
		{EFEAB669-92AA-48BA-BE9D-B857072D4CD8}.AppStore|iPhone.Deploy.0 = AppStore|iPhone
		{EFEAB669-92AA-48BA-BE9D-B857072D4CD8}.AppStore|iPhoneSimulator.ActiveCfg = AppStore|iPhoneSimulator
		{EFEAB669-92AA-48BA-BE9D-B857072D4CD8}.AppStore|iPhoneSimulator.Build.0 = AppStore|iPhoneSimulator
		{EFEAB669-92AA-48BA-BE9D-B857072D4CD8}.AppStore|iPhoneSimulator.Deploy.0 = AppStore|iPhoneSimulator
		{EFEAB669-92AA-48BA-BE9D-B857072D4CD8}.Debug|Any CPU.ActiveCfg = Debug|iPhoneSimulator
		{EFEAB669-92AA-48BA-BE9D-B857072D4CD8}.Debug|Any CPU.Build.0 = Debug|iPhoneSimulator
		{EFEAB669-92AA-48BA-BE9D-B857072D4CD8}.Debug|Any CPU.Deploy.0 = Debug|iPhoneSimulator
		{EFEAB669-92AA-48BA-BE9D-B857072D4CD8}.Debug|iPhone.ActiveCfg = Debug|iPhone
		{EFEAB669-92AA-48BA-BE9D-B857072D4CD8}.Debug|iPhone.Build.0 = Debug|iPhone
		{EFEAB669-92AA-48BA-BE9D-B857072D4CD8}.Debug|iPhone.Deploy.0 = Debug|iPhone
		{EFEAB669-92AA-48BA-BE9D-B857072D4CD8}.Debug|iPhoneSimulator.ActiveCfg = Debug|iPhoneSimulator
		{EFEAB669-92AA-48BA-BE9D-B857072D4CD8}.Debug|iPhoneSimulator.Build.0 = Debug|iPhoneSimulator
		{EFEAB669-92AA-48BA-BE9D-B857072D4CD8}.Debug|iPhoneSimulator.Deploy.0 = Debug|iPhoneSimulator
		{EFEAB669-92AA-48BA-BE9D-B857072D4CD8}.Release|Any CPU.ActiveCfg = Release|iPhone
		{EFEAB669-92AA-48BA-BE9D-B857072D4CD8}.Release|Any CPU.Build.0 = Release|iPhone
		{EFEAB669-92AA-48BA-BE9D-B857072D4CD8}.Release|Any CPU.Deploy.0 = Release|iPhone
		{EFEAB669-92AA-48BA-BE9D-B857072D4CD8}.Release|iPhone.ActiveCfg = Release|iPhone
		{EFEAB669-92AA-48BA-BE9D-B857072D4CD8}.Release|iPhone.Build.0 = Release|iPhone
		{EFEAB669-92AA-48BA-BE9D-B857072D4CD8}.Release|iPhone.Deploy.0 = Release|iPhone
		{EFEAB669-92AA-48BA-BE9D-B857072D4CD8}.Release|iPhoneSimulator.ActiveCfg = Release|iPhoneSimulator
		{EFEAB669-92AA-48BA-BE9D-B857072D4CD8}.Release|iPhoneSimulator.Build.0 = Release|iPhoneSimulator
		{EFEAB669-92AA-48BA-BE9D-B857072D4CD8}.Release|iPhoneSimulator.Deploy.0 = Release|iPhoneSimulator
		{7AE9159B-4CE9-4C61-B60E-83B1CB30F411}.Ad-Hoc|Any CPU.ActiveCfg = Debug|Any CPU
		{7AE9159B-4CE9-4C61-B60E-83B1CB30F411}.Ad-Hoc|Any CPU.Build.0 = Debug|Any CPU
		{7AE9159B-4CE9-4C61-B60E-83B1CB30F411}.Ad-Hoc|Any CPU.Deploy.0 = Debug|Any CPU
		{7AE9159B-4CE9-4C61-B60E-83B1CB30F411}.Ad-Hoc|iPhone.ActiveCfg = Debug|Any CPU
		{7AE9159B-4CE9-4C61-B60E-83B1CB30F411}.Ad-Hoc|iPhone.Build.0 = Debug|Any CPU
		{7AE9159B-4CE9-4C61-B60E-83B1CB30F411}.Ad-Hoc|iPhone.Deploy.0 = Debug|Any CPU
		{7AE9159B-4CE9-4C61-B60E-83B1CB30F411}.Ad-Hoc|iPhoneSimulator.ActiveCfg = Debug|Any CPU
		{7AE9159B-4CE9-4C61-B60E-83B1CB30F411}.Ad-Hoc|iPhoneSimulator.Build.0 = Debug|Any CPU
		{7AE9159B-4CE9-4C61-B60E-83B1CB30F411}.Ad-Hoc|iPhoneSimulator.Deploy.0 = Debug|Any CPU
		{7AE9159B-4CE9-4C61-B60E-83B1CB30F411}.AppStore|Any CPU.ActiveCfg = Debug|Any CPU
		{7AE9159B-4CE9-4C61-B60E-83B1CB30F411}.AppStore|Any CPU.Build.0 = Debug|Any CPU
		{7AE9159B-4CE9-4C61-B60E-83B1CB30F411}.AppStore|Any CPU.Deploy.0 = Debug|Any CPU
		{7AE9159B-4CE9-4C61-B60E-83B1CB30F411}.AppStore|iPhone.ActiveCfg = Debug|Any CPU
		{7AE9159B-4CE9-4C61-B60E-83B1CB30F411}.AppStore|iPhone.Build.0 = Debug|Any CPU
		{7AE9159B-4CE9-4C61-B60E-83B1CB30F411}.AppStore|iPhone.Deploy.0 = Debug|Any CPU
		{7AE9159B-4CE9-4C61-B60E-83B1CB30F411}.AppStore|iPhoneSimulator.ActiveCfg = Debug|Any CPU
		{7AE9159B-4CE9-4C61-B60E-83B1CB30F411}.AppStore|iPhoneSimulator.Build.0 = Debug|Any CPU
		{7AE9159B-4CE9-4C61-B60E-83B1CB30F411}.AppStore|iPhoneSimulator.Deploy.0 = Debug|Any CPU
		{7AE9159B-4CE9-4C61-B60E-83B1CB30F411}.Debug|Any CPU.ActiveCfg = Debug|Any CPU
		{7AE9159B-4CE9-4C61-B60E-83B1CB30F411}.Debug|Any CPU.Build.0 = Debug|Any CPU
		{7AE9159B-4CE9-4C61-B60E-83B1CB30F411}.Debug|Any CPU.Deploy.0 = Debug|Any CPU
		{7AE9159B-4CE9-4C61-B60E-83B1CB30F411}.Debug|iPhone.ActiveCfg = Debug|Any CPU
		{7AE9159B-4CE9-4C61-B60E-83B1CB30F411}.Debug|iPhone.Build.0 = Debug|Any CPU
		{7AE9159B-4CE9-4C61-B60E-83B1CB30F411}.Debug|iPhone.Deploy.0 = Debug|Any CPU
		{7AE9159B-4CE9-4C61-B60E-83B1CB30F411}.Debug|iPhoneSimulator.ActiveCfg = Debug|Any CPU
		{7AE9159B-4CE9-4C61-B60E-83B1CB30F411}.Debug|iPhoneSimulator.Build.0 = Debug|Any CPU
		{7AE9159B-4CE9-4C61-B60E-83B1CB30F411}.Debug|iPhoneSimulator.Deploy.0 = Debug|Any CPU
		{7AE9159B-4CE9-4C61-B60E-83B1CB30F411}.Release|Any CPU.ActiveCfg = Release|Any CPU
		{7AE9159B-4CE9-4C61-B60E-83B1CB30F411}.Release|Any CPU.Build.0 = Release|Any CPU
		{7AE9159B-4CE9-4C61-B60E-83B1CB30F411}.Release|Any CPU.Deploy.0 = Release|Any CPU
		{7AE9159B-4CE9-4C61-B60E-83B1CB30F411}.Release|iPhone.ActiveCfg = Release|Any CPU
		{7AE9159B-4CE9-4C61-B60E-83B1CB30F411}.Release|iPhone.Build.0 = Release|Any CPU
		{7AE9159B-4CE9-4C61-B60E-83B1CB30F411}.Release|iPhone.Deploy.0 = Release|Any CPU
		{7AE9159B-4CE9-4C61-B60E-83B1CB30F411}.Release|iPhoneSimulator.ActiveCfg = Release|Any CPU
		{7AE9159B-4CE9-4C61-B60E-83B1CB30F411}.Release|iPhoneSimulator.Build.0 = Release|Any CPU
		{7AE9159B-4CE9-4C61-B60E-83B1CB30F411}.Release|iPhoneSimulator.Deploy.0 = Release|Any CPU
	EndGlobalSection
	GlobalSection(SolutionProperties) = preSolution
		HideSolutionNode = FALSE
	EndGlobalSection
	GlobalSection(ExtensibilityGlobals) = postSolution
		SolutionGuid = {D9235C38-92F2-45C6-BB86-92775CB71DE7}
	EndGlobalSection
EndGlobal
